{
  "requires": true,
  "lockfileVersion": 1,
  "dependencies": {
    "date-fns": {
      "version": "2.2.1",
      "resolved": "https://registry.npmjs.org/date-fns/-/date-fns-2.2.1.tgz",
      "integrity": "sha512-4V1i5CnTinjBvJpXTq7sDHD4NY6JPcl15112IeSNNLUWQOQ+kIuCvRGOFZMQZNvkadw8F9QTyZxz59rIRU6K+w=="
    }
  }
}
